
Microsoft Visual Studio Solution File, Format Version 12.00
# Visual Studio Version 17
VisualStudioVersion = 17.8.34511.84
MinimumVisualStudioVersion = 10.0.40219.1
Project("{9A19103F-16F7-4668-BE54-9A1E7A4F7556}") = "TemporaTasks", "TemporaTasks.csproj", "{25B78567-8FC3-4109-91E9-063D13585759}"
EndProject
Project("{2150E333-8FDC-42A3-9474-1A3956D46DE8}") = "Solution Items", "Solution Items", "{2DA791E1-D012-4161-AF42-CD7403CC6A3E}"
	ProjectSection(SolutionItems) = preProject
		.editorconfig = .editorconfig
	EndProjectSection
EndProject
Global
	GlobalSection(SolutionConfigurationPlatforms) = preSolution
		Debug|Any CPU = Debug|Any CPU
		Release|Any CPU = Release|Any CPU
	EndGlobalSection
	GlobalSection(ProjectConfigurationPlatforms) = postSolution
		{25B78567-8FC3-4109-91E9-063D13585759}.Debug|Any CPU.ActiveCfg = Debug|Any CPU
		{25B78567-8FC3-4109-91E9-063D13585759}.Debug|Any CPU.Build.0 = Debug|Any CPU
		{25B78567-8FC3-4109-91E9-063D13585759}.Release|Any CPU.ActiveCfg = Release|Any CPU
		{25B78567-8FC3-4109-91E9-063D13585759}.Release|Any CPU.Build.0 = Release|Any CPU
	EndGlobalSection
	GlobalSection(SolutionProperties) = preSolution
		HideSolutionNode = FALSE
	EndGlobalSection
	GlobalSection(ExtensibilityGlobals) = postSolution
		SolutionGuid = {57578BD4-6BE3-485D-A532-7E98C388257A}
	EndGlobalSection
EndGlobal
